# THIS IS AN AUTOGENERATED FILE. DO NOT EDIT THIS FILE DIRECTLY.
# yarn lockfile v1
moment-timezone:
  version "0.5.9"
  resolved "https://registry.yarnpkg.com/moment-timezone/-/moment-timezone-0.5.9.tgz#e0ea82036d67d21d793544a91b5057f480eda2dd"
  dependencies:
    moment ">= 2.6.0"

"moment@>= 2.6.0":
  version "2.16.0"
  resolved "https://registry.yarnpkg.com/moment/-/moment-2.16.0.tgz#f38f2c97c9889b0ee18fc6cc392e1e443ad2da8e"

